
Microsoft Visual Studio Solution File, Format Version 12.00
# Visual Studio Version 16
VisualStudioVersion = 16.0.30711.63
MinimumVisualStudioVersion = 10.0.40219.1
Project("{FAE04EC0-301F-11D3-BF4B-00C04F79EFBC}") = "MarketIO.gRPC.Client", "MarketIO.gRPC.Client\MarketIO.gRPC.Client.csproj", "{A6B2E009-2401-41B1-B3DC-A3FFC6F3F26B}"
EndProject
Global
	GlobalSection(SolutionConfigurationPlatforms) = preSolution
		Debug|Any CPU = Debug|Any CPU
		Release|Any CPU = Release|Any CPU
	EndGlobalSection
	GlobalSection(ProjectConfigurationPlatforms) = postSolution
		{A6B2E009-2401-41B1-B3DC-A3FFC6F3F26B}.Debug|Any CPU.ActiveCfg = Debug|Any CPU
		{A6B2E009-2401-41B1-B3DC-A3FFC6F3F26B}.Debug|Any CPU.Build.0 = Debug|Any CPU
		{A6B2E009-2401-41B1-B3DC-A3FFC6F3F26B}.Release|Any CPU.ActiveCfg = Release|Any CPU
		{A6B2E009-2401-41B1-B3DC-A3FFC6F3F26B}.Release|Any CPU.Build.0 = Release|Any CPU
	EndGlobalSection
	GlobalSection(SolutionProperties) = preSolution
		HideSolutionNode = FALSE
	EndGlobalSection
	GlobalSection(ExtensibilityGlobals) = postSolution
		SolutionGuid = {9D6A45B0-F1A0-4074-8339-BE554078412E}
	EndGlobalSection
EndGlobal
